
Microsoft Visual Studio Solution File, Format Version 12.00
# Visual Studio 15
VisualStudioVersion = 15.0.26124.0
MinimumVisualStudioVersion = 15.0.26124.0
Project("{FAE04EC0-301F-11D3-BF4B-00C04F79EFBC}") = "IOptionsFromLibs.Consumer", "IOptionsFromLibs.Consumer\IOptionsFromLibs.Consumer.csproj", "{788E7917-39C3-413C-B342-A179EC1D60C4}"
EndProject
Project("{FAE04EC0-301F-11D3-BF4B-00C04F79EFBC}") = "IOptionsFromLibs.Lib", "IOptionsFromLibs.Lib\IOptionsFromLibs.Lib.csproj", "{C6DE8758-1C6B-49DE-A12A-D9162F1AAE22}"
EndProject
Global
	GlobalSection(SolutionConfigurationPlatforms) = preSolution
		Debug|Any CPU = Debug|Any CPU
		Debug|x64 = Debug|x64
		Debug|x86 = Debug|x86
		Release|Any CPU = Release|Any CPU
		Release|x64 = Release|x64
		Release|x86 = Release|x86
	EndGlobalSection
	GlobalSection(SolutionProperties) = preSolution
		HideSolutionNode = FALSE
	EndGlobalSection
	GlobalSection(ProjectConfigurationPlatforms) = postSolution
		{788E7917-39C3-413C-B342-A179EC1D60C4}.Debug|Any CPU.ActiveCfg = Debug|Any CPU
		{788E7917-39C3-413C-B342-A179EC1D60C4}.Debug|Any CPU.Build.0 = Debug|Any CPU
		{788E7917-39C3-413C-B342-A179EC1D60C4}.Debug|x64.ActiveCfg = Debug|Any CPU
		{788E7917-39C3-413C-B342-A179EC1D60C4}.Debug|x64.Build.0 = Debug|Any CPU
		{788E7917-39C3-413C-B342-A179EC1D60C4}.Debug|x86.ActiveCfg = Debug|Any CPU
		{788E7917-39C3-413C-B342-A179EC1D60C4}.Debug|x86.Build.0 = Debug|Any CPU
		{788E7917-39C3-413C-B342-A179EC1D60C4}.Release|Any CPU.ActiveCfg = Release|Any CPU
		{788E7917-39C3-413C-B342-A179EC1D60C4}.Release|Any CPU.Build.0 = Release|Any CPU
		{788E7917-39C3-413C-B342-A179EC1D60C4}.Release|x64.ActiveCfg = Release|Any CPU
		{788E7917-39C3-413C-B342-A179EC1D60C4}.Release|x64.Build.0 = Release|Any CPU
		{788E7917-39C3-413C-B342-A179EC1D60C4}.Release|x86.ActiveCfg = Release|Any CPU
		{788E7917-39C3-413C-B342-A179EC1D60C4}.Release|x86.Build.0 = Release|Any CPU
		{C6DE8758-1C6B-49DE-A12A-D9162F1AAE22}.Debug|Any CPU.ActiveCfg = Debug|Any CPU
		{C6DE8758-1C6B-49DE-A12A-D9162F1AAE22}.Debug|Any CPU.Build.0 = Debug|Any CPU
		{C6DE8758-1C6B-49DE-A12A-D9162F1AAE22}.Debug|x64.ActiveCfg = Debug|Any CPU
		{C6DE8758-1C6B-49DE-A12A-D9162F1AAE22}.Debug|x64.Build.0 = Debug|Any CPU
		{C6DE8758-1C6B-49DE-A12A-D9162F1AAE22}.Debug|x86.ActiveCfg = Debug|Any CPU
		{C6DE8758-1C6B-49DE-A12A-D9162F1AAE22}.Debug|x86.Build.0 = Debug|Any CPU
		{C6DE8758-1C6B-49DE-A12A-D9162F1AAE22}.Release|Any CPU.ActiveCfg = Release|Any CPU
		{C6DE8758-1C6B-49DE-A12A-D9162F1AAE22}.Release|Any CPU.Build.0 = Release|Any CPU
		{C6DE8758-1C6B-49DE-A12A-D9162F1AAE22}.Release|x64.ActiveCfg = Release|Any CPU
		{C6DE8758-1C6B-49DE-A12A-D9162F1AAE22}.Release|x64.Build.0 = Release|Any CPU
		{C6DE8758-1C6B-49DE-A12A-D9162F1AAE22}.Release|x86.ActiveCfg = Release|Any CPU
		{C6DE8758-1C6B-49DE-A12A-D9162F1AAE22}.Release|x86.Build.0 = Release|Any CPU
	EndGlobalSection
EndGlobal
